schema: '2.0'
stages:
  prepare:
    cmd: make prepare
    outs:
    - path: data
      hash: md5
      md5: f1c1b2e69091b72538a1cf7cde3fbb70.dir
      size: 84199
      nfiles: 1
  train:
    cmd: make train
    deps:
    - path: data
      hash: md5
      md5: f1c1b2e69091b72538a1cf7cde3fbb70.dir
      size: 84199
      nfiles: 1
    - path: src/wine_quality/main.py
      hash: md5
      md5: 8c8c61f892864f12306c1522fddc58cc
      size: 6699
