schema: '2.0'
stages:
  prepare:
    cmd: make prepare
    outs:
    - path: data/winequality-red.csv
      hash: md5
      md5: 2daeecee174368f8a33b82c8cccae3a5
      size: 84199
  train:
    cmd: make train
    deps:
    - path: data/features.csv
      hash: md5
      md5: 40209d4dfaaddba6b0cf3ddc0b525687
      size: 141741
    - path: src/wine_quality/main.py
      hash: md5
      md5: d9f7803473e5cf5d1699d7dc5899c62f
      size: 11162
  features:
    cmd: make features
    deps:
    - path: data/winequality-red.csv
      hash: md5
      md5: 2daeecee174368f8a33b82c8cccae3a5
      size: 84199
    - path: src/wine_quality/data.py
      hash: md5
      md5: 8ccde9489652ada8df86d5310a698ba9
      size: 2860
    - path: src/wine_quality/features.py
      hash: md5
      md5: 8a7ce05f9188c9d1a323401e68a26fe9
      size: 1075
    outs:
    - path: data/features.csv
      hash: md5
      md5: 40209d4dfaaddba6b0cf3ddc0b525687
      size: 141741
